
Microsoft Visual Studio Solution File, Format Version 12.00
# Visual Studio 2012
Project("{FAE04EC0-301F-11D3-BF4B-00C04F79EFBC}") = "Calcular Media Aritmetica (Arreglos)", "Calcular Media Aritmetica (Arreglos)\Calcular Media Aritmetica (Arreglos).csproj", "{DC496F49-D5BE-4124-B4FC-33DD6D8EA4AA}"
EndProject
Global
	GlobalSection(SolutionConfigurationPlatforms) = preSolution
		Debug|Any CPU = Debug|Any CPU
		Release|Any CPU = Release|Any CPU
	EndGlobalSection
	GlobalSection(ProjectConfigurationPlatforms) = postSolution
		{DC496F49-D5BE-4124-B4FC-33DD6D8EA4AA}.Debug|Any CPU.ActiveCfg = Debug|Any CPU
		{DC496F49-D5BE-4124-B4FC-33DD6D8EA4AA}.Debug|Any CPU.Build.0 = Debug|Any CPU
		{DC496F49-D5BE-4124-B4FC-33DD6D8EA4AA}.Release|Any CPU.ActiveCfg = Release|Any CPU
		{DC496F49-D5BE-4124-B4FC-33DD6D8EA4AA}.Release|Any CPU.Build.0 = Release|Any CPU
	EndGlobalSection
	GlobalSection(SolutionProperties) = preSolution
		HideSolutionNode = FALSE
	EndGlobalSection
EndGlobal
