
Microsoft Visual Studio Solution File, Format Version 12.00
# Visual Studio 2013
VisualStudioVersion = 12.0.40629.0
MinimumVisualStudioVersion = 10.0.40219.1
Project("{FAE04EC0-301F-11D3-BF4B-00C04F79EFBC}") = "Usando Write en lugar de WrtieLine", "Usando Write en lugar de WrtieLine\Usando Write en lugar de WrtieLine.csproj", "{1349D2E7-9BCF-4F57-8741-0332ABCE8689}"
EndProject
Global
	GlobalSection(SolutionConfigurationPlatforms) = preSolution
		Debug|Any CPU = Debug|Any CPU
		Release|Any CPU = Release|Any CPU
	EndGlobalSection
	GlobalSection(ProjectConfigurationPlatforms) = postSolution
		{1349D2E7-9BCF-4F57-8741-0332ABCE8689}.Debug|Any CPU.ActiveCfg = Debug|Any CPU
		{1349D2E7-9BCF-4F57-8741-0332ABCE8689}.Debug|Any CPU.Build.0 = Debug|Any CPU
		{1349D2E7-9BCF-4F57-8741-0332ABCE8689}.Release|Any CPU.ActiveCfg = Release|Any CPU
		{1349D2E7-9BCF-4F57-8741-0332ABCE8689}.Release|Any CPU.Build.0 = Release|Any CPU
	EndGlobalSection
	GlobalSection(SolutionProperties) = preSolution
		HideSolutionNode = FALSE
	EndGlobalSection
EndGlobal
