
Microsoft Visual Studio Solution File, Format Version 12.00
# Visual Studio 2013
VisualStudioVersion = 12.0.40629.0
MinimumVisualStudioVersion = 10.0.40219.1
Project("{FAE04EC0-301F-11D3-BF4B-00C04F79EFBC}") = "Suma de tres números", "Suma de tres números\Suma de tres números.csproj", "{C5877CAC-C408-4F41-BEAA-7992BCA951DB}"
EndProject
Global
	GlobalSection(SolutionConfigurationPlatforms) = preSolution
		Debug|Any CPU = Debug|Any CPU
		Release|Any CPU = Release|Any CPU
	EndGlobalSection
	GlobalSection(ProjectConfigurationPlatforms) = postSolution
		{C5877CAC-C408-4F41-BEAA-7992BCA951DB}.Debug|Any CPU.ActiveCfg = Debug|Any CPU
		{C5877CAC-C408-4F41-BEAA-7992BCA951DB}.Debug|Any CPU.Build.0 = Debug|Any CPU
		{C5877CAC-C408-4F41-BEAA-7992BCA951DB}.Release|Any CPU.ActiveCfg = Release|Any CPU
		{C5877CAC-C408-4F41-BEAA-7992BCA951DB}.Release|Any CPU.Build.0 = Release|Any CPU
	EndGlobalSection
	GlobalSection(SolutionProperties) = preSolution
		HideSolutionNode = FALSE
	EndGlobalSection
EndGlobal
