
Microsoft Visual Studio Solution File, Format Version 12.00
# Visual Studio 2012
Project("{FAE04EC0-301F-11D3-BF4B-00C04F79EFBC}") = "Numeros del 100 al 200 divisibles entre 3 y 7 (Ciclo For)", "Numeros del 100 al 200 divisibles entre 3 y 7 (Ciclo For)\Numeros del 100 al 200 divisibles entre 3 y 7 (Ciclo For).csproj", "{4CDFF2BC-8B0C-457B-9882-437AB075CDB3}"
EndProject
Global
	GlobalSection(SolutionConfigurationPlatforms) = preSolution
		Debug|Any CPU = Debug|Any CPU
		Release|Any CPU = Release|Any CPU
	EndGlobalSection
	GlobalSection(ProjectConfigurationPlatforms) = postSolution
		{4CDFF2BC-8B0C-457B-9882-437AB075CDB3}.Debug|Any CPU.ActiveCfg = Debug|Any CPU
		{4CDFF2BC-8B0C-457B-9882-437AB075CDB3}.Debug|Any CPU.Build.0 = Debug|Any CPU
		{4CDFF2BC-8B0C-457B-9882-437AB075CDB3}.Release|Any CPU.ActiveCfg = Release|Any CPU
		{4CDFF2BC-8B0C-457B-9882-437AB075CDB3}.Release|Any CPU.Build.0 = Release|Any CPU
	EndGlobalSection
	GlobalSection(SolutionProperties) = preSolution
		HideSolutionNode = FALSE
	EndGlobalSection
EndGlobal
