
Microsoft Visual Studio Solution File, Format Version 12.00
# Visual Studio 2013
VisualStudioVersion = 12.0.40629.0
MinimumVisualStudioVersion = 10.0.40219.1
Project("{FAE04EC0-301F-11D3-BF4B-00C04F79EFBC}") = "Convertir grados C a grados F", "Convertir grados C a grados F\Convertir grados C a grados F.csproj", "{F19976DF-DC5A-44AE-9A6F-B5C3DB829253}"
EndProject
Global
	GlobalSection(SolutionConfigurationPlatforms) = preSolution
		Debug|Any CPU = Debug|Any CPU
		Release|Any CPU = Release|Any CPU
	EndGlobalSection
	GlobalSection(ProjectConfigurationPlatforms) = postSolution
		{F19976DF-DC5A-44AE-9A6F-B5C3DB829253}.Debug|Any CPU.ActiveCfg = Debug|Any CPU
		{F19976DF-DC5A-44AE-9A6F-B5C3DB829253}.Debug|Any CPU.Build.0 = Debug|Any CPU
		{F19976DF-DC5A-44AE-9A6F-B5C3DB829253}.Release|Any CPU.ActiveCfg = Release|Any CPU
		{F19976DF-DC5A-44AE-9A6F-B5C3DB829253}.Release|Any CPU.Build.0 = Release|Any CPU
	EndGlobalSection
	GlobalSection(SolutionProperties) = preSolution
		HideSolutionNode = FALSE
	EndGlobalSection
EndGlobal
