
Microsoft Visual Studio Solution File, Format Version 12.00
# Visual Studio 2012
Project("{FAE04EC0-301F-11D3-BF4B-00C04F79EFBC}") = "Prueba_Final_Parte2", "Prueba_Final_Parte2\Prueba_Final_Parte2.csproj", "{61DBC143-E604-43F9-85B9-995D095885EE}"
EndProject
Global
	GlobalSection(SolutionConfigurationPlatforms) = preSolution
		Debug|Any CPU = Debug|Any CPU
		Release|Any CPU = Release|Any CPU
	EndGlobalSection
	GlobalSection(ProjectConfigurationPlatforms) = postSolution
		{61DBC143-E604-43F9-85B9-995D095885EE}.Debug|Any CPU.ActiveCfg = Debug|Any CPU
		{61DBC143-E604-43F9-85B9-995D095885EE}.Debug|Any CPU.Build.0 = Debug|Any CPU
		{61DBC143-E604-43F9-85B9-995D095885EE}.Release|Any CPU.ActiveCfg = Release|Any CPU
		{61DBC143-E604-43F9-85B9-995D095885EE}.Release|Any CPU.Build.0 = Release|Any CPU
	EndGlobalSection
	GlobalSection(SolutionProperties) = preSolution
		HideSolutionNode = FALSE
	EndGlobalSection
EndGlobal
