
Microsoft Visual Studio Solution File, Format Version 12.00
# Visual Studio 2012
Project("{FAE04EC0-301F-11D3-BF4B-00C04F79EFBC}") = "Examen_Final_Problema_1", "Examen_Final_Problema_1\Examen_Final_Problema_1.csproj", "{312546E8-1EC3-43FF-AD81-DB1B588B2C79}"
EndProject
Global
	GlobalSection(SolutionConfigurationPlatforms) = preSolution
		Debug|Any CPU = Debug|Any CPU
		Release|Any CPU = Release|Any CPU
	EndGlobalSection
	GlobalSection(ProjectConfigurationPlatforms) = postSolution
		{312546E8-1EC3-43FF-AD81-DB1B588B2C79}.Debug|Any CPU.ActiveCfg = Debug|Any CPU
		{312546E8-1EC3-43FF-AD81-DB1B588B2C79}.Debug|Any CPU.Build.0 = Debug|Any CPU
		{312546E8-1EC3-43FF-AD81-DB1B588B2C79}.Release|Any CPU.ActiveCfg = Release|Any CPU
		{312546E8-1EC3-43FF-AD81-DB1B588B2C79}.Release|Any CPU.Build.0 = Release|Any CPU
	EndGlobalSection
	GlobalSection(SolutionProperties) = preSolution
		HideSolutionNode = FALSE
	EndGlobalSection
EndGlobal
