
Microsoft Visual Studio Solution File, Format Version 12.00
# Visual Studio 2012
Project("{FAE04EC0-301F-11D3-BF4B-00C04F79EFBC}") = "Examen_Final_Problema_6", "Examen_Final_Problema_6\Examen_Final_Problema_6.csproj", "{C54E0955-6D80-47B6-B718-0FEE976AA2DD}"
EndProject
Global
	GlobalSection(SolutionConfigurationPlatforms) = preSolution
		Debug|Any CPU = Debug|Any CPU
		Release|Any CPU = Release|Any CPU
	EndGlobalSection
	GlobalSection(ProjectConfigurationPlatforms) = postSolution
		{C54E0955-6D80-47B6-B718-0FEE976AA2DD}.Debug|Any CPU.ActiveCfg = Debug|Any CPU
		{C54E0955-6D80-47B6-B718-0FEE976AA2DD}.Debug|Any CPU.Build.0 = Debug|Any CPU
		{C54E0955-6D80-47B6-B718-0FEE976AA2DD}.Release|Any CPU.ActiveCfg = Release|Any CPU
		{C54E0955-6D80-47B6-B718-0FEE976AA2DD}.Release|Any CPU.Build.0 = Release|Any CPU
	EndGlobalSection
	GlobalSection(SolutionProperties) = preSolution
		HideSolutionNode = FALSE
	EndGlobalSection
EndGlobal
